
Microsoft Visual Studio Solution File, Format Version 12.00
# Visual Studio 2012
Project("{FAE04EC0-301F-11D3-BF4B-00C04F79EFBC}") = "capaDatos", "capaDatos\capaDatos.csproj", "{06447AA2-8CE8-4E2D-BC4D-4BB95F15DA63}"
EndProject
Project("{FAE04EC0-301F-11D3-BF4B-00C04F79EFBC}") = "capaLogica", "capaLogica\capaLogica.csproj", "{34997B00-9F35-47E5-B11C-ACA9FED84EB1}"
EndProject
Project("{FAE04EC0-301F-11D3-BF4B-00C04F79EFBC}") = "Encuestas", "Encuestas\Encuestas.csproj", "{D40FB144-B957-41D3-BE91-776B6E8F8B83}"
EndProject
Global
	GlobalSection(SolutionConfigurationPlatforms) = preSolution
		Debug|Any CPU = Debug|Any CPU
		Release|Any CPU = Release|Any CPU
	EndGlobalSection
	GlobalSection(ProjectConfigurationPlatforms) = postSolution
		{06447AA2-8CE8-4E2D-BC4D-4BB95F15DA63}.Debug|Any CPU.ActiveCfg = Debug|Any CPU
		{06447AA2-8CE8-4E2D-BC4D-4BB95F15DA63}.Debug|Any CPU.Build.0 = Debug|Any CPU
		{06447AA2-8CE8-4E2D-BC4D-4BB95F15DA63}.Release|Any CPU.ActiveCfg = Release|Any CPU
		{06447AA2-8CE8-4E2D-BC4D-4BB95F15DA63}.Release|Any CPU.Build.0 = Release|Any CPU
		{34997B00-9F35-47E5-B11C-ACA9FED84EB1}.Debug|Any CPU.ActiveCfg = Debug|Any CPU
		{34997B00-9F35-47E5-B11C-ACA9FED84EB1}.Debug|Any CPU.Build.0 = Debug|Any CPU
		{34997B00-9F35-47E5-B11C-ACA9FED84EB1}.Release|Any CPU.ActiveCfg = Release|Any CPU
		{34997B00-9F35-47E5-B11C-ACA9FED84EB1}.Release|Any CPU.Build.0 = Release|Any CPU
		{D40FB144-B957-41D3-BE91-776B6E8F8B83}.Debug|Any CPU.ActiveCfg = Debug|Any CPU
		{D40FB144-B957-41D3-BE91-776B6E8F8B83}.Debug|Any CPU.Build.0 = Debug|Any CPU
		{D40FB144-B957-41D3-BE91-776B6E8F8B83}.Release|Any CPU.ActiveCfg = Release|Any CPU
		{D40FB144-B957-41D3-BE91-776B6E8F8B83}.Release|Any CPU.Build.0 = Release|Any CPU
	EndGlobalSection
	GlobalSection(SolutionProperties) = preSolution
		HideSolutionNode = FALSE
	EndGlobalSection
EndGlobal
